
Microsoft Visual Studio Solution File, Format Version 12.00
# Visual Studio Version 17
VisualStudioVersion = 17.10.35122.118
MinimumVisualStudioVersion = 10.0.40219.1
Project("{FAE04EC0-301F-11D3-BF4B-00C04F79EFBC}") = "ChessBoard", "ChessBoard.csproj", "{B1396A3C-FD95-403A-BAF8-D185BD55FBE6}"
EndProject
Global
	GlobalSection(SolutionConfigurationPlatforms) = preSolution
		Debug|Any CPU = Debug|Any CPU
		Release|Any CPU = Release|Any CPU
	EndGlobalSection
	GlobalSection(ProjectConfigurationPlatforms) = postSolution
		{B1396A3C-FD95-403A-BAF8-D185BD55FBE6}.Debug|Any CPU.ActiveCfg = Debug|Any CPU
		{B1396A3C-FD95-403A-BAF8-D185BD55FBE6}.Debug|Any CPU.Build.0 = Debug|Any CPU
		{B1396A3C-FD95-403A-BAF8-D185BD55FBE6}.Release|Any CPU.ActiveCfg = Release|Any CPU
		{B1396A3C-FD95-403A-BAF8-D185BD55FBE6}.Release|Any CPU.Build.0 = Release|Any CPU
	EndGlobalSection
	GlobalSection(SolutionProperties) = preSolution
		HideSolutionNode = FALSE
	EndGlobalSection
	GlobalSection(ExtensibilityGlobals) = postSolution
		SolutionGuid = {6FF9F040-28DB-4C4D-828A-46842A0D5412}
	EndGlobalSection
EndGlobal
